// !$*UTF8*$!
{
	archiveVersion = 1;
	classes = {
	};
	objectVersion = 46;
	objects = {

/* Begin PBXBuildFile section */
		35F8C87919F83D8B004BAF77 /* AppDelegate.swift in Sources */ = {isa = PBXBuildFile; fileRef = 35F8C87819F83D8B004BAF77 /* AppDelegate.swift */; };
		35F8C87D19F83D8B004BAF77 /* GameScene.swift in Sources */ = {isa = PBXBuildFile; fileRef = 35F8C87C19F83D8B004BAF77 /* GameScene.swift */; };
		35F8C87F19F83D8B004BAF77 /* GameViewController.swift in Sources */ = {isa = PBXBuildFile; fileRef = 35F8C87E19F83D8B004BAF77 /* GameViewController.swift */; };
		35F8C88219F83D8B004BAF77 /* Main.storyboard in Resources */ = {isa = PBXBuildFile; fileRef = 35F8C88019F83D8B004BAF77 /* Main.storyboard */; };
		35F8C88419F83D8B004BAF77 /* Images.xcassets in Resources */ = {isa = PBXBuildFile; fileRef = 35F8C88319F83D8B004BAF77 /* Images.xcassets */; };
		35F8C88719F83D8B004BAF77 /* LaunchScreen.xib in Resources */ = {isa = PBXBuildFile; fileRef = 35F8C88519F83D8B004BAF77 /* LaunchScreen.xib */; };
		35F8C89319F83D8B004BAF77 /* ZombieCongaTests.swift in Sources */ = {isa = PBXBuildFile; fileRef = 35F8C89219F83D8B004BAF77 /* ZombieCongaTests.swift */; };
		35F8C8A319F83E3E004BAF77 /* background1.png in Resources */ = {isa = PBXBuildFile; fileRef = 35F8C89D19F83E3E004BAF77 /* background1.png */; };
		35F8C8A419F83E3E004BAF77 /* background2.png in Resources */ = {isa = PBXBuildFile; fileRef = 35F8C89E19F83E3E004BAF77 /* background2.png */; };
		35F8C8A519F83E3E004BAF77 /* MainMenu.png in Resources */ = {isa = PBXBuildFile; fileRef = 35F8C89F19F83E3E004BAF77 /* MainMenu.png */; };
		35F8C8A619F83E3E004BAF77 /* YouLose.png in Resources */ = {isa = PBXBuildFile; fileRef = 35F8C8A019F83E3E004BAF77 /* YouLose.png */; };
		35F8C8A719F83E3E004BAF77 /* YouWin.png in Resources */ = {isa = PBXBuildFile; fileRef = 35F8C8A119F83E3E004BAF77 /* YouWin.png */; };
		35F8C8A819F83E3E004BAF77 /* sprites.atlas in Resources */ = {isa = PBXBuildFile; fileRef = 35F8C8A219F83E3E004BAF77 /* sprites.atlas */; };
		35F8C8AA19F842D1004BAF77 /* MyUtils.swift in Sources */ = {isa = PBXBuildFile; fileRef = 35F8C8A919F842D1004BAF77 /* MyUtils.swift */; };
		35F8C8B119F847EE004BAF77 /* backgroundMusic.mp3 in Resources */ = {isa = PBXBuildFile; fileRef = 35F8C8AC19F847EE004BAF77 /* backgroundMusic.mp3 */; };
		35F8C8B219F847EE004BAF77 /* hitCat.wav in Resources */ = {isa = PBXBuildFile; fileRef = 35F8C8AD19F847EE004BAF77 /* hitCat.wav */; };
		35F8C8B319F847EE004BAF77 /* hitCatLady.wav in Resources */ = {isa = PBXBuildFile; fileRef = 35F8C8AE19F847EE004BAF77 /* hitCatLady.wav */; };
		35F8C8B419F847EE004BAF77 /* lose.wav in Resources */ = {isa = PBXBuildFile; fileRef = 35F8C8AF19F847EE004BAF77 /* lose.wav */; };
		35F8C8B519F847EE004BAF77 /* win.wav in Resources */ = {isa = PBXBuildFile; fileRef = 35F8C8B019F847EE004BAF77 /* win.wav */; };
		D02E069E1AF12A43004BA5B2 /* GameOverScene.swift in Sources */ = {isa = PBXBuildFile; fileRef = D02E069D1AF12A43004BA5B2 /* GameOverScene.swift */; };
/* End PBXBuildFile section */

/* Begin PBXContainerItemProxy section */
		35F8C88D19F83D8B004BAF77 /* PBXContainerItemProxy */ = {
			isa = PBXContainerItemProxy;
			containerPortal = 35F8C86B19F83D8B004BAF77 /* Project object */;
			proxyType = 1;
			remoteGlobalIDString = 35F8C87219F83D8B004BAF77;
			remoteInfo = ZombieConga;
		};
/* End PBXContainerItemProxy section */

/* Begin PBXFileReference section */
		35F8C87319F83D8B004BAF77 /* ZombieConga.app */ = {isa = PBXFileReference; explicitFileType = wrapper.application; includeInIndex = 0; path = ZombieConga.app; sourceTree = BUILT_PRODUCTS_DIR; };
		35F8C87719F83D8B004BAF77 /* Info.plist */ = {isa = PBXFileReference; lastKnownFileType = text.plist.xml; path = Info.plist; sourceTree = "<group>"; };
		35F8C87819F83D8B004BAF77 /* AppDelegate.swift */ = {isa = PBXFileReference; lastKnownFileType = sourcecode.swift; path = AppDelegate.swift; sourceTree = "<group>"; };
		35F8C87C19F83D8B004BAF77 /* GameScene.swift */ = {isa = PBXFileReference; lastKnownFileType = sourcecode.swift; path = GameScene.swift; sourceTree = "<group>"; };
		35F8C87E19F83D8B004BAF77 /* GameViewController.swift */ = {isa = PBXFileReference; lastKnownFileType = sourcecode.swift; path = GameViewController.swift; sourceTree = "<group>"; };
		35F8C88119F83D8B004BAF77 /* Base */ = {isa = PBXFileReference; lastKnownFileType = file.storyboard; name = Base; path = Base.lproj/Main.storyboard; sourceTree = "<group>"; };
		35F8C88319F83D8B004BAF77 /* Images.xcassets */ = {isa = PBXFileReference; lastKnownFileType = folder.assetcatalog; path = Images.xcassets; sourceTree = "<group>"; };
		35F8C88619F83D8B004BAF77 /* Base */ = {isa = PBXFileReference; lastKnownFileType = file.xib; name = Base; path = Base.lproj/LaunchScreen.xib; sourceTree = "<group>"; };
		35F8C88C19F83D8B004BAF77 /* ZombieCongaTests.xctest */ = {isa = PBXFileReference; explicitFileType = wrapper.cfbundle; includeInIndex = 0; path = ZombieCongaTests.xctest; sourceTree = BUILT_PRODUCTS_DIR; };
		35F8C89119F83D8B004BAF77 /* Info.plist */ = {isa = PBXFileReference; lastKnownFileType = text.plist.xml; path = Info.plist; sourceTree = "<group>"; };
		35F8C89219F83D8B004BAF77 /* ZombieCongaTests.swift */ = {isa = PBXFileReference; lastKnownFileType = sourcecode.swift; path = ZombieCongaTests.swift; sourceTree = "<group>"; };
		35F8C89D19F83E3E004BAF77 /* background1.png */ = {isa = PBXFileReference; lastKnownFileType = image.png; path = background1.png; sourceTree = "<group>"; };
		35F8C89E19F83E3E004BAF77 /* background2.png */ = {isa = PBXFileReference; lastKnownFileType = image.png; path = background2.png; sourceTree = "<group>"; };
		35F8C89F19F83E3E004BAF77 /* MainMenu.png */ = {isa = PBXFileReference; lastKnownFileType = image.png; path = MainMenu.png; sourceTree = "<group>"; };
		35F8C8A019F83E3E004BAF77 /* YouLose.png */ = {isa = PBXFileReference; lastKnownFileType = image.png; path = YouLose.png; sourceTree = "<group>"; };
		35F8C8A119F83E3E004BAF77 /* YouWin.png */ = {isa = PBXFileReference; lastKnownFileType = image.png; path = YouWin.png; sourceTree = "<group>"; };
		35F8C8A219F83E3E004BAF77 /* sprites.atlas */ = {isa = PBXFileReference; lastKnownFileType = folder.skatlas; path = sprites.atlas; sourceTree = "<group>"; };
		35F8C8A919F842D1004BAF77 /* MyUtils.swift */ = {isa = PBXFileReference; fileEncoding = 4; lastKnownFileType = sourcecode.swift; path = MyUtils.swift; sourceTree = "<group>"; };
		35F8C8AC19F847EE004BAF77 /* backgroundMusic.mp3 */ = {isa = PBXFileReference; lastKnownFileType = audio.mp3; path = backgroundMusic.mp3; sourceTree = "<group>"; };
		35F8C8AD19F847EE004BAF77 /* hitCat.wav */ = {isa = PBXFileReference; lastKnownFileType = audio.wav; path = hitCat.wav; sourceTree = "<group>"; };
		35F8C8AE19F847EE004BAF77 /* hitCatLady.wav */ = {isa = PBXFileReference; lastKnownFileType = audio.wav; path = hitCatLady.wav; sourceTree = "<group>"; };
		35F8C8AF19F847EE004BAF77 /* lose.wav */ = {isa = PBXFileReference; lastKnownFileType = audio.wav; path = lose.wav; sourceTree = "<group>"; };
		35F8C8B019F847EE004BAF77 /* win.wav */ = {isa = PBXFileReference; lastKnownFileType = audio.wav; path = win.wav; sourceTree = "<group>"; };
		D02E069D1AF12A43004BA5B2 /* GameOverScene.swift */ = {isa = PBXFileReference; fileEncoding = 4; lastKnownFileType = sourcecode.swift; path = GameOverScene.swift; sourceTree = "<group>"; };
/* End PBXFileReference section */

/* Begin PBXFrameworksBuildPhase section */
		35F8C87019F83D8B004BAF77 /* Frameworks */ = {
			isa = PBXFrameworksBuildPhase;
			buildActionMask = 2147483647;
			files = (
			);
			runOnlyForDeploymentPostprocessing = 0;
		};
		35F8C88919F83D8B004BAF77 /* Frameworks */ = {
			isa = PBXFrameworksBuildPhase;
			buildActionMask = 2147483647;
			files = (
			);
			runOnlyForDeploymentPostprocessing = 0;
		};
/* End PBXFrameworksBuildPhase section */

/* Begin PBXGroup section */
		35F8C86A19F83D8B004BAF77 = {
			isa = PBXGroup;
			children = (
				35F8C87519F83D8B004BAF77 /* ZombieConga */,
				35F8C88F19F83D8B004BAF77 /* ZombieCongaTests */,
				35F8C87419F83D8B004BAF77 /* Products */,
			);
			sourceTree = "<group>";
		};
		35F8C87419F83D8B004BAF77 /* Products */ = {
			isa = PBXGroup;
			children = (
				35F8C87319F83D8B004BAF77 /* ZombieConga.app */,
				35F8C88C19F83D8B004BAF77 /* ZombieCongaTests.xctest */,
			);
			name = Products;
			sourceTree = "<group>";
		};
		35F8C87519F83D8B004BAF77 /* ZombieConga */ = {
			isa = PBXGroup;
			children = (
				35F8C8AB19F847EE004BAF77 /* Sounds */,
				35F8C89C19F83E3E004BAF77 /* Images */,
				35F8C8A219F83E3E004BAF77 /* sprites.atlas */,
				35F8C87819F83D8B004BAF77 /* AppDelegate.swift */,
				35F8C87C19F83D8B004BAF77 /* GameScene.swift */,
				D02E069D1AF12A43004BA5B2 /* GameOverScene.swift */,
				35F8C87E19F83D8B004BAF77 /* GameViewController.swift */,
				35F8C8A919F842D1004BAF77 /* MyUtils.swift */,
				35F8C88019F83D8B004BAF77 /* Main.storyboard */,
				35F8C88319F83D8B004BAF77 /* Images.xcassets */,
				35F8C88519F83D8B004BAF77 /* LaunchScreen.xib */,
				35F8C87619F83D8B004BAF77 /* Supporting Files */,
			);
			path = ZombieConga;
			sourceTree = "<group>";
		};
		35F8C87619F83D8B004BAF77 /* Supporting Files */ = {
			isa = PBXGroup;
			children = (
				35F8C87719F83D8B004BAF77 /* Info.plist */,
			);
			name = "Supporting Files";
			sourceTree = "<group>";
		};
		35F8C88F19F83D8B004BAF77 /* ZombieCongaTests */ = {
			isa = PBXGroup;
			children = (
				35F8C89219F83D8B004BAF77 /* ZombieCongaTests.swift */,
				35F8C89019F83D8B004BAF77 /* Supporting Files */,
			);
			path = ZombieCongaTests;
			sourceTree = "<group>";
		};
		35F8C89019F83D8B004BAF77 /* Supporting Files */ = {
			isa = PBXGroup;
			children = (
				35F8C89119F83D8B004BAF77 /* Info.plist */,
			);
			name = "Supporting Files";
			sourceTree = "<group>";
		};
		35F8C89C19F83E3E004BAF77 /* Images */ = {
			isa = PBXGroup;
			children = (
				35F8C89D19F83E3E004BAF77 /* background1.png */,
				35F8C89E19F83E3E004BAF77 /* background2.png */,
				35F8C89F19F83E3E004BAF77 /* MainMenu.png */,
				35F8C8A019F83E3E004BAF77 /* YouLose.png */,
				35F8C8A119F83E3E004BAF77 /* YouWin.png */,
			);
			path = Images;
			sourceTree = "<group>";
		};
		35F8C8AB19F847EE004BAF77 /* Sounds */ = {
			isa = PBXGroup;
			children = (
				35F8C8AC19F847EE004BAF77 /* backgroundMusic.mp3 */,
				35F8C8AD19F847EE004BAF77 /* hitCat.wav */,
				35F8C8AE19F847EE004BAF77 /* hitCatLady.wav */,
				35F8C8AF19F847EE004BAF77 /* lose.wav */,
				35F8C8B019F847EE004BAF77 /* win.wav */,
			);
			path = Sounds;
			sourceTree = "<group>";
		};
/* End PBXGroup section */

/* Begin PBXNativeTarget section */
		35F8C87219F83D8B004BAF77 /* ZombieConga */ = {
			isa = PBXNativeTarget;
			buildConfigurationList = 35F8C89619F83D8B004BAF77 /* Build configuration list for PBXNativeTarget "ZombieConga" */;
			buildPhases = (
				35F8C86F19F83D8B004BAF77 /* Sources */,
				35F8C87019F83D8B004BAF77 /* Frameworks */,
				35F8C87119F83D8B004BAF77 /* Resources */,
			);
			buildRules = (
			);
			dependencies = (
			);
			name = ZombieConga;
			productName = ZombieConga;
			productReference = 35F8C87319F83D8B004BAF77 /* ZombieConga.app */;
			productType = "com.apple.product-type.application";
		};
		35F8C88B19F83D8B004BAF77 /* ZombieCongaTests */ = {
			isa = PBXNativeTarget;
			buildConfigurationList = 35F8C89919F83D8B004BAF77 /* Build configuration list for PBXNativeTarget "ZombieCongaTests" */;
			buildPhases = (
				35F8C88819F83D8B004BAF77 /* Sources */,
				35F8C88919F83D8B004BAF77 /* Frameworks */,
				35F8C88A19F83D8B004BAF77 /* Resources */,
			);
			buildRules = (
			);
			dependencies = (
				35F8C88E19F83D8B004BAF77 /* PBXTargetDependency */,
			);
			name = ZombieCongaTests;
			productName = ZombieCongaTests;
			productReference = 35F8C88C19F83D8B004BAF77 /* ZombieCongaTests.xctest */;
			productType = "com.apple.product-type.bundle.unit-test";
		};
/* End PBXNativeTarget section */

/* Begin PBXProject section */
		35F8C86B19F83D8B004BAF77 /* Project object */ = {
			isa = PBXProject;
			attributes = {
				LastUpgradeCheck = 0610;
				ORGANIZATIONNAME = "Razeware LLC";
				TargetAttributes = {
					35F8C87219F83D8B004BAF77 = {
						CreatedOnToolsVersion = 6.1;
					};
					35F8C88B19F83D8B004BAF77 = {
						CreatedOnToolsVersion = 6.1;
						TestTargetID = 35F8C87219F83D8B004BAF77;
					};
				};
			};
			buildConfigurationList = 35F8C86E19F83D8B004BAF77 /* Build configuration list for PBXProject "ZombieConga" */;
			compatibilityVersion = "Xcode 3.2";
			developmentRegion = English;
			hasScannedForEncodings = 0;
			knownRegions = (
				en,
				Base,
			);
			mainGroup = 35F8C86A19F83D8B004BAF77;
			productRefGroup = 35F8C87419F83D8B004BAF77 /* Products */;
			projectDirPath = "";
			projectRoot = "";
			targets = (
				35F8C87219F83D8B004BAF77 /* ZombieConga */,
				35F8C88B19F83D8B004BAF77 /* ZombieCongaTests */,
			);
		};
/* End PBXProject section */

/* Begin PBXResourcesBuildPhase section */
		35F8C87119F83D8B004BAF77 /* Resources */ = {
			isa = PBXResourcesBuildPhase;
			buildActionMask = 2147483647;
			files = (
				35F8C8A719F83E3E004BAF77 /* YouWin.png in Resources */,
				35F8C8A819F83E3E004BAF77 /* sprites.atlas in Resources */,
				35F8C88719F83D8B004BAF77 /* LaunchScreen.xib in Resources */,
				35F8C8A519F83E3E004BAF77 /* MainMenu.png in Resources */,
				35F8C8B419F847EE004BAF77 /* lose.wav in Resources */,
				35F8C8A619F83E3E004BAF77 /* YouLose.png in Resources */,
				35F8C88419F83D8B004BAF77 /* Images.xcassets in Resources */,
				35F8C8B519F847EE004BAF77 /* win.wav in Resources */,
				35F8C8A419F83E3E004BAF77 /* background2.png in Resources */,
				35F8C88219F83D8B004BAF77 /* Main.storyboard in Resources */,
				35F8C8B119F847EE004BAF77 /* backgroundMusic.mp3 in Resources */,
				35F8C8B319F847EE004BAF77 /* hitCatLady.wav in Resources */,
				35F8C8B219F847EE004BAF77 /* hitCat.wav in Resources */,
				35F8C8A319F83E3E004BAF77 /* background1.png in Resources */,
			);
			runOnlyForDeploymentPostprocessing = 0;
		};
		35F8C88A19F83D8B004BAF77 /* Resources */ = {
			isa = PBXResourcesBuildPhase;
			buildActionMask = 2147483647;
			files = (
			);
			runOnlyForDeploymentPostprocessing = 0;
		};
/* End PBXResourcesBuildPhase section */

/* Begin PBXSourcesBuildPhase section */
		35F8C86F19F83D8B004BAF77 /* Sources */ = {
			isa = PBXSourcesBuildPhase;
			buildActionMask = 2147483647;
			files = (
				D02E069E1AF12A43004BA5B2 /* GameOverScene.swift in Sources */,
				35F8C87D19F83D8B004BAF77 /* GameScene.swift in Sources */,
				35F8C87F19F83D8B004BAF77 /* GameViewController.swift in Sources */,
				35F8C87919F83D8B004BAF77 /* AppDelegate.swift in Sources */,
				35F8C8AA19F842D1004BAF77 /* MyUtils.swift in Sources */,
			);
			runOnlyForDeploymentPostprocessing = 0;
		};
		35F8C88819F83D8B004BAF77 /* Sources */ = {
			isa = PBXSourcesBuildPhase;
			buildActionMask = 2147483647;
			files = (
				35F8C89319F83D8B004BAF77 /* ZombieCongaTests.swift in Sources */,
			);
			runOnlyForDeploymentPostprocessing = 0;
		};
/* End PBXSourcesBuildPhase section */

/* Begin PBXTargetDependency section */
		35F8C88E19F83D8B004BAF77 /* PBXTargetDependency */ = {
			isa = PBXTargetDependency;
			target = 35F8C87219F83D8B004BAF77 /* ZombieConga */;
			targetProxy = 35F8C88D19F83D8B004BAF77 /* PBXContainerItemProxy */;
		};
/* End PBXTargetDependency section */

/* Begin PBXVariantGroup section */
		35F8C88019F83D8B004BAF77 /* Main.storyboard */ = {
			isa = PBXVariantGroup;
			children = (
				35F8C88119F83D8B004BAF77 /* Base */,
			);
			name = Main.storyboard;
			sourceTree = "<group>";
		};
		35F8C88519F83D8B004BAF77 /* LaunchScreen.xib */ = {
			isa = PBXVariantGroup;
			children = (
				35F8C88619F83D8B004BAF77 /* Base */,
			);
			name = LaunchScreen.xib;
			sourceTree = "<group>";
		};
/* End PBXVariantGroup section */

/* Begin XCBuildConfiguration section */
		35F8C89419F83D8B004BAF77 /* Debug */ = {
			isa = XCBuildConfiguration;
			buildSettings = {
				ALWAYS_SEARCH_USER_PATHS = NO;
				CLANG_CXX_LANGUAGE_STANDARD = "gnu++0x";
				CLANG_CXX_LIBRARY = "libc++";
				CLANG_ENABLE_MODULES = YES;
				CLANG_ENABLE_OBJC_ARC = YES;
				CLANG_WARN_BOOL_CONVERSION = YES;
				CLANG_WARN_CONSTANT_CONVERSION = YES;
				CLANG_WARN_DIRECT_OBJC_ISA_USAGE = YES_ERROR;
				CLANG_WARN_EMPTY_BODY = YES;
				CLANG_WARN_ENUM_CONVERSION = YES;
				CLANG_WARN_INT_CONVERSION = YES;
				CLANG_WARN_OBJC_ROOT_CLASS = YES_ERROR;
				CLANG_WARN_UNREACHABLE_CODE = YES;
				CLANG_WARN__DUPLICATE_METHOD_MATCH = YES;
				"CODE_SIGN_IDENTITY[sdk=iphoneos*]" = "iPhone Developer";
				COPY_PHASE_STRIP = NO;
				ENABLE_STRICT_OBJC_MSGSEND = YES;
				GCC_C_LANGUAGE_STANDARD = gnu99;
				GCC_DYNAMIC_NO_PIC = NO;
				GCC_OPTIMIZATION_LEVEL = 0;
				GCC_PREPROCESSOR_DEFINITIONS = (
					"DEBUG=1",
					"$(inherited)",
				);
				GCC_SYMBOLS_PRIVATE_EXTERN = NO;
				GCC_WARN_64_TO_32_BIT_CONVERSION = YES;
				GCC_WARN_ABOUT_RETURN_TYPE = YES_ERROR;
				GCC_WARN_UNDECLARED_SELECTOR = YES;
				GCC_WARN_UNINITIALIZED_AUTOS = YES_AGGRESSIVE;
				GCC_WARN_UNUSED_FUNCTION = YES;
				GCC_WARN_UNUSED_VARIABLE = YES;
				IPHONEOS_DEPLOYMENT_TARGET = 8.1;
				MTL_ENABLE_DEBUG_INFO = YES;
				ONLY_ACTIVE_ARCH = YES;
				SDKROOT = iphoneos;
				SWIFT_OPTIMIZATION_LEVEL = "-Onone";
				TARGETED_DEVICE_FAMILY = "1,2";
			};
			name = Debug;
		};
		35F8C89519F83D8B004BAF77 /* Release */ = {
			isa = XCBuildConfiguration;
			buildSettings = {
				ALWAYS_SEARCH_USER_PATHS = NO;
				CLANG_CXX_LANGUAGE_STANDARD = "gnu++0x";
				CLANG_CXX_LIBRARY = "libc++";
				CLANG_ENABLE_MODULES = YES;
				CLANG_ENABLE_OBJC_ARC = YES;
				CLANG_WARN_BOOL_CONVERSION = YES;
				CLANG_WARN_CONSTANT_CONVERSION = YES;
				CLANG_WARN_DIRECT_OBJC_ISA_USAGE = YES_ERROR;
				CLANG_WARN_EMPTY_BODY = YES;
				CLANG_WARN_ENUM_CONVERSION = YES;
				CLANG_WARN_INT_CONVERSION = YES;
				CLANG_WARN_OBJC_ROOT_CLASS = YES_ERROR;
				CLANG_WARN_UNREACHABLE_CODE = YES;
				CLANG_WARN__DUPLICATE_METHOD_MATCH = YES;
				"CODE_SIGN_IDENTITY[sdk=iphoneos*]" = "iPhone Developer";
				COPY_PHASE_STRIP = YES;
				ENABLE_NS_ASSERTIONS = NO;
				ENABLE_STRICT_OBJC_MSGSEND = YES;
				GCC_C_LANGUAGE_STANDARD = gnu99;
				GCC_WARN_64_TO_32_BIT_CONVERSION = YES;
				GCC_WARN_ABOUT_RETURN_TYPE = YES_ERROR;
				GCC_WARN_UNDECLARED_SELECTOR = YES;
				GCC_WARN_UNINITIALIZED_AUTOS = YES_AGGRESSIVE;
				GCC_WARN_UNUSED_FUNCTION = YES;
				GCC_WARN_UNUSED_VARIABLE = YES;
				IPHONEOS_DEPLOYMENT_TARGET = 8.1;
				MTL_ENABLE_DEBUG_INFO = NO;
				SDKROOT = iphoneos;
				TARGETED_DEVICE_FAMILY = "1,2";
				VALIDATE_PRODUCT = YES;
			};
			name = Release;
		};
		35F8C89719F83D8B004BAF77 /* Debug */ = {
			isa = XCBuildConfiguration;
			buildSettings = {
				ASSETCATALOG_COMPILER_APPICON_NAME = AppIcon;
				INFOPLIST_FILE = ZombieConga/Info.plist;
				LD_RUNPATH_SEARCH_PATHS = "$(inherited) @executable_path/Frameworks";
				PRODUCT_NAME = "$(TARGET_NAME)";
			};
			name = Debug;
		};
		35F8C89819F83D8B004BAF77 /* Release */ = {
			isa = XCBuildConfiguration;
			buildSettings = {
				ASSETCATALOG_COMPILER_APPICON_NAME = AppIcon;
				INFOPLIST_FILE = ZombieConga/Info.plist;
				LD_RUNPATH_SEARCH_PATHS = "$(inherited) @executable_path/Frameworks";
				PRODUCT_NAME = "$(TARGET_NAME)";
			};
			name = Release;
		};
		35F8C89A19F83D8B004BAF77 /* Debug */ = {
			isa = XCBuildConfiguration;
			buildSettings = {
				BUNDLE_LOADER = "$(TEST_HOST)";
				FRAMEWORK_SEARCH_PATHS = (
					"$(SDKROOT)/Developer/Library/Frameworks",
					"$(inherited)",
				);
				GCC_PREPROCESSOR_DEFINITIONS = (
					"DEBUG=1",
					"$(inherited)",
				);
				INFOPLIST_FILE = ZombieCongaTests/Info.plist;
				LD_RUNPATH_SEARCH_PATHS = "$(inherited) @executable_path/Frameworks @loader_path/Frameworks";
				PRODUCT_NAME = "$(TARGET_NAME)";
				TEST_HOST = "$(BUILT_PRODUCTS_DIR)/ZombieConga.app/ZombieConga";
			};
			name = Debug;
		};
		35F8C89B19F83D8B004BAF77 /* Release */ = {
			isa = XCBuildConfiguration;
			buildSettings = {
				BUNDLE_LOADER = "$(TEST_HOST)";
				FRAMEWORK_SEARCH_PATHS = (
					"$(SDKROOT)/Developer/Library/Frameworks",
					"$(inherited)",
				);
				INFOPLIST_FILE = ZombieCongaTests/Info.plist;
				LD_RUNPATH_SEARCH_PATHS = "$(inherited) @executable_path/Frameworks @loader_path/Frameworks";
				PRODUCT_NAME = "$(TARGET_NAME)";
				TEST_HOST = "$(BUILT_PRODUCTS_DIR)/ZombieConga.app/ZombieConga";
			};
			name = Release;
		};
/* End XCBuildConfiguration section */

/* Begin XCConfigurationList section */
		35F8C86E19F83D8B004BAF77 /* Build configuration list for PBXProject "ZombieConga" */ = {
			isa = XCConfigurationList;
			buildConfigurations = (
				35F8C89419F83D8B004BAF77 /* Debug */,
				35F8C89519F83D8B004BAF77 /* Release */,
			);
			defaultConfigurationIsVisible = 0;
			defaultConfigurationName = Release;
		};
		35F8C89619F83D8B004BAF77 /* Build configuration list for PBXNativeTarget "ZombieConga" */ = {
			isa = XCConfigurationList;
			buildConfigurations = (
				35F8C89719F83D8B004BAF77 /* Debug */,
				35F8C89819F83D8B004BAF77 /* Release */,
			);
			defaultConfigurationIsVisible = 0;
			defaultConfigurationName = Release;
		};
		35F8C89919F83D8B004BAF77 /* Build configuration list for PBXNativeTarget "ZombieCongaTests" */ = {
			isa = XCConfigurationList;
			buildConfigurations = (
				35F8C89A19F83D8B004BAF77 /* Debug */,
				35F8C89B19F83D8B004BAF77 /* Release */,
			);
			defaultConfigurationIsVisible = 0;
			defaultConfigurationName = Release;
		};
/* End XCConfigurationList section */
	};
	rootObject = 35F8C86B19F83D8B004BAF77 /* Project object */;
}
