// !$*UTF8*$!
{
	archiveVersion = 1;
	classes = {
	};
	objectVersion = 46;
	objects = {

/* Begin PBXBuildFile section */
		D03482F31AECBE1200022572 /* AppDelegate.swift in Sources */ = {isa = PBXBuildFile; fileRef = D03482F21AECBE1200022572 /* AppDelegate.swift */; };
		D03482F71AECBE1200022572 /* GameScene.swift in Sources */ = {isa = PBXBuildFile; fileRef = D03482F61AECBE1200022572 /* GameScene.swift */; };
		D03482F91AECBE1200022572 /* GameViewController.swift in Sources */ = {isa = PBXBuildFile; fileRef = D03482F81AECBE1200022572 /* GameViewController.swift */; };
		D03482FC1AECBE1200022572 /* Main.storyboard in Resources */ = {isa = PBXBuildFile; fileRef = D03482FA1AECBE1200022572 /* Main.storyboard */; };
		D03482FE1AECBE1200022572 /* Images.xcassets in Resources */ = {isa = PBXBuildFile; fileRef = D03482FD1AECBE1200022572 /* Images.xcassets */; };
		D03483011AECBE1200022572 /* LaunchScreen.xib in Resources */ = {isa = PBXBuildFile; fileRef = D03482FF1AECBE1200022572 /* LaunchScreen.xib */; };
		D034830D1AECBE1200022572 /* ZombieCongaTests.swift in Sources */ = {isa = PBXBuildFile; fileRef = D034830C1AECBE1200022572 /* ZombieCongaTests.swift */; };
		D034831D1AECC2FD00022572 /* background1.png in Resources */ = {isa = PBXBuildFile; fileRef = D03483171AECC2FD00022572 /* background1.png */; };
		D034831E1AECC2FD00022572 /* background2.png in Resources */ = {isa = PBXBuildFile; fileRef = D03483181AECC2FD00022572 /* background2.png */; };
		D034831F1AECC2FD00022572 /* MainMenu.png in Resources */ = {isa = PBXBuildFile; fileRef = D03483191AECC2FD00022572 /* MainMenu.png */; };
		D03483201AECC2FD00022572 /* YouLose.png in Resources */ = {isa = PBXBuildFile; fileRef = D034831A1AECC2FD00022572 /* YouLose.png */; };
		D03483211AECC2FD00022572 /* YouWin.png in Resources */ = {isa = PBXBuildFile; fileRef = D034831B1AECC2FD00022572 /* YouWin.png */; };
		D03483221AECC2FD00022572 /* sprites.atlas in Resources */ = {isa = PBXBuildFile; fileRef = D034831C1AECC2FD00022572 /* sprites.atlas */; };
/* End PBXBuildFile section */

/* Begin PBXContainerItemProxy section */
		D03483071AECBE1200022572 /* PBXContainerItemProxy */ = {
			isa = PBXContainerItemProxy;
			containerPortal = D03482E51AECBE1200022572 /* Project object */;
			proxyType = 1;
			remoteGlobalIDString = D03482EC1AECBE1200022572;
			remoteInfo = ZombieConga;
		};
/* End PBXContainerItemProxy section */

/* Begin PBXFileReference section */
		D03482ED1AECBE1200022572 /* ZombieConga.app */ = {isa = PBXFileReference; explicitFileType = wrapper.application; includeInIndex = 0; path = ZombieConga.app; sourceTree = BUILT_PRODUCTS_DIR; };
		D03482F11AECBE1200022572 /* Info.plist */ = {isa = PBXFileReference; lastKnownFileType = text.plist.xml; path = Info.plist; sourceTree = "<group>"; };
		D03482F21AECBE1200022572 /* AppDelegate.swift */ = {isa = PBXFileReference; lastKnownFileType = sourcecode.swift; path = AppDelegate.swift; sourceTree = "<group>"; };
		D03482F61AECBE1200022572 /* GameScene.swift */ = {isa = PBXFileReference; lastKnownFileType = sourcecode.swift; path = GameScene.swift; sourceTree = "<group>"; };
		D03482F81AECBE1200022572 /* GameViewController.swift */ = {isa = PBXFileReference; lastKnownFileType = sourcecode.swift; path = GameViewController.swift; sourceTree = "<group>"; };
		D03482FB1AECBE1200022572 /* Base */ = {isa = PBXFileReference; lastKnownFileType = file.storyboard; name = Base; path = Base.lproj/Main.storyboard; sourceTree = "<group>"; };
		D03482FD1AECBE1200022572 /* Images.xcassets */ = {isa = PBXFileReference; lastKnownFileType = folder.assetcatalog; path = Images.xcassets; sourceTree = "<group>"; };
		D03483001AECBE1200022572 /* Base */ = {isa = PBXFileReference; lastKnownFileType = file.xib; name = Base; path = Base.lproj/LaunchScreen.xib; sourceTree = "<group>"; };
		D03483061AECBE1200022572 /* ZombieCongaTests.xctest */ = {isa = PBXFileReference; explicitFileType = wrapper.cfbundle; includeInIndex = 0; path = ZombieCongaTests.xctest; sourceTree = BUILT_PRODUCTS_DIR; };
		D034830B1AECBE1200022572 /* Info.plist */ = {isa = PBXFileReference; lastKnownFileType = text.plist.xml; path = Info.plist; sourceTree = "<group>"; };
		D034830C1AECBE1200022572 /* ZombieCongaTests.swift */ = {isa = PBXFileReference; lastKnownFileType = sourcecode.swift; path = ZombieCongaTests.swift; sourceTree = "<group>"; };
		D03483171AECC2FD00022572 /* background1.png */ = {isa = PBXFileReference; lastKnownFileType = image.png; path = background1.png; sourceTree = "<group>"; };
		D03483181AECC2FD00022572 /* background2.png */ = {isa = PBXFileReference; lastKnownFileType = image.png; path = background2.png; sourceTree = "<group>"; };
		D03483191AECC2FD00022572 /* MainMenu.png */ = {isa = PBXFileReference; lastKnownFileType = image.png; path = MainMenu.png; sourceTree = "<group>"; };
		D034831A1AECC2FD00022572 /* YouLose.png */ = {isa = PBXFileReference; lastKnownFileType = image.png; path = YouLose.png; sourceTree = "<group>"; };
		D034831B1AECC2FD00022572 /* YouWin.png */ = {isa = PBXFileReference; lastKnownFileType = image.png; path = YouWin.png; sourceTree = "<group>"; };
		D034831C1AECC2FD00022572 /* sprites.atlas */ = {isa = PBXFileReference; lastKnownFileType = folder.skatlas; path = sprites.atlas; sourceTree = "<group>"; };
/* End PBXFileReference section */

/* Begin PBXFrameworksBuildPhase section */
		D03482EA1AECBE1200022572 /* Frameworks */ = {
			isa = PBXFrameworksBuildPhase;
			buildActionMask = 2147483647;
			files = (
			);
			runOnlyForDeploymentPostprocessing = 0;
		};
		D03483031AECBE1200022572 /* Frameworks */ = {
			isa = PBXFrameworksBuildPhase;
			buildActionMask = 2147483647;
			files = (
			);
			runOnlyForDeploymentPostprocessing = 0;
		};
/* End PBXFrameworksBuildPhase section */

/* Begin PBXGroup section */
		D03482E41AECBE1200022572 = {
			isa = PBXGroup;
			children = (
				D03482EF1AECBE1200022572 /* ZombieConga */,
				D03483091AECBE1200022572 /* ZombieCongaTests */,
				D03482EE1AECBE1200022572 /* Products */,
			);
			sourceTree = "<group>";
		};
		D03482EE1AECBE1200022572 /* Products */ = {
			isa = PBXGroup;
			children = (
				D03482ED1AECBE1200022572 /* ZombieConga.app */,
				D03483061AECBE1200022572 /* ZombieCongaTests.xctest */,
			);
			name = Products;
			sourceTree = "<group>";
		};
		D03482EF1AECBE1200022572 /* ZombieConga */ = {
			isa = PBXGroup;
			children = (
				D03483161AECC2FD00022572 /* Images */,
				D034831C1AECC2FD00022572 /* sprites.atlas */,
				D03482F21AECBE1200022572 /* AppDelegate.swift */,
				D03482F61AECBE1200022572 /* GameScene.swift */,
				D03482F81AECBE1200022572 /* GameViewController.swift */,
				D03482FA1AECBE1200022572 /* Main.storyboard */,
				D03482FD1AECBE1200022572 /* Images.xcassets */,
				D03482FF1AECBE1200022572 /* LaunchScreen.xib */,
				D03482F01AECBE1200022572 /* Supporting Files */,
			);
			path = ZombieConga;
			sourceTree = "<group>";
		};
		D03482F01AECBE1200022572 /* Supporting Files */ = {
			isa = PBXGroup;
			children = (
				D03482F11AECBE1200022572 /* Info.plist */,
			);
			name = "Supporting Files";
			sourceTree = "<group>";
		};
		D03483091AECBE1200022572 /* ZombieCongaTests */ = {
			isa = PBXGroup;
			children = (
				D034830C1AECBE1200022572 /* ZombieCongaTests.swift */,
				D034830A1AECBE1200022572 /* Supporting Files */,
			);
			path = ZombieCongaTests;
			sourceTree = "<group>";
		};
		D034830A1AECBE1200022572 /* Supporting Files */ = {
			isa = PBXGroup;
			children = (
				D034830B1AECBE1200022572 /* Info.plist */,
			);
			name = "Supporting Files";
			sourceTree = "<group>";
		};
		D03483161AECC2FD00022572 /* Images */ = {
			isa = PBXGroup;
			children = (
				D03483171AECC2FD00022572 /* background1.png */,
				D03483181AECC2FD00022572 /* background2.png */,
				D03483191AECC2FD00022572 /* MainMenu.png */,
				D034831A1AECC2FD00022572 /* YouLose.png */,
				D034831B1AECC2FD00022572 /* YouWin.png */,
			);
			path = Images;
			sourceTree = "<group>";
		};
/* End PBXGroup section */

/* Begin PBXNativeTarget section */
		D03482EC1AECBE1200022572 /* ZombieConga */ = {
			isa = PBXNativeTarget;
			buildConfigurationList = D03483101AECBE1200022572 /* Build configuration list for PBXNativeTarget "ZombieConga" */;
			buildPhases = (
				D03482E91AECBE1200022572 /* Sources */,
				D03482EA1AECBE1200022572 /* Frameworks */,
				D03482EB1AECBE1200022572 /* Resources */,
			);
			buildRules = (
			);
			dependencies = (
			);
			name = ZombieConga;
			productName = ZombieConga;
			productReference = D03482ED1AECBE1200022572 /* ZombieConga.app */;
			productType = "com.apple.product-type.application";
		};
		D03483051AECBE1200022572 /* ZombieCongaTests */ = {
			isa = PBXNativeTarget;
			buildConfigurationList = D03483131AECBE1200022572 /* Build configuration list for PBXNativeTarget "ZombieCongaTests" */;
			buildPhases = (
				D03483021AECBE1200022572 /* Sources */,
				D03483031AECBE1200022572 /* Frameworks */,
				D03483041AECBE1200022572 /* Resources */,
			);
			buildRules = (
			);
			dependencies = (
				D03483081AECBE1200022572 /* PBXTargetDependency */,
			);
			name = ZombieCongaTests;
			productName = ZombieCongaTests;
			productReference = D03483061AECBE1200022572 /* ZombieCongaTests.xctest */;
			productType = "com.apple.product-type.bundle.unit-test";
		};
/* End PBXNativeTarget section */

/* Begin PBXProject section */
		D03482E51AECBE1200022572 /* Project object */ = {
			isa = PBXProject;
			attributes = {
				LastUpgradeCheck = 0630;
				ORGANIZATIONNAME = peter;
				TargetAttributes = {
					D03482EC1AECBE1200022572 = {
						CreatedOnToolsVersion = 6.3;
					};
					D03483051AECBE1200022572 = {
						CreatedOnToolsVersion = 6.3;
						TestTargetID = D03482EC1AECBE1200022572;
					};
				};
			};
			buildConfigurationList = D03482E81AECBE1200022572 /* Build configuration list for PBXProject "ZombieConga" */;
			compatibilityVersion = "Xcode 3.2";
			developmentRegion = English;
			hasScannedForEncodings = 0;
			knownRegions = (
				en,
				Base,
			);
			mainGroup = D03482E41AECBE1200022572;
			productRefGroup = D03482EE1AECBE1200022572 /* Products */;
			projectDirPath = "";
			projectRoot = "";
			targets = (
				D03482EC1AECBE1200022572 /* ZombieConga */,
				D03483051AECBE1200022572 /* ZombieCongaTests */,
			);
		};
/* End PBXProject section */

/* Begin PBXResourcesBuildPhase section */
		D03482EB1AECBE1200022572 /* Resources */ = {
			isa = PBXResourcesBuildPhase;
			buildActionMask = 2147483647;
			files = (
				D03483211AECC2FD00022572 /* YouWin.png in Resources */,
				D03483221AECC2FD00022572 /* sprites.atlas in Resources */,
				D03483011AECBE1200022572 /* LaunchScreen.xib in Resources */,
				D034831F1AECC2FD00022572 /* MainMenu.png in Resources */,
				D03483201AECC2FD00022572 /* YouLose.png in Resources */,
				D03482FE1AECBE1200022572 /* Images.xcassets in Resources */,
				D034831E1AECC2FD00022572 /* background2.png in Resources */,
				D03482FC1AECBE1200022572 /* Main.storyboard in Resources */,
				D034831D1AECC2FD00022572 /* background1.png in Resources */,
			);
			runOnlyForDeploymentPostprocessing = 0;
		};
		D03483041AECBE1200022572 /* Resources */ = {
			isa = PBXResourcesBuildPhase;
			buildActionMask = 2147483647;
			files = (
			);
			runOnlyForDeploymentPostprocessing = 0;
		};
/* End PBXResourcesBuildPhase section */

/* Begin PBXSourcesBuildPhase section */
		D03482E91AECBE1200022572 /* Sources */ = {
			isa = PBXSourcesBuildPhase;
			buildActionMask = 2147483647;
			files = (
				D03482F71AECBE1200022572 /* GameScene.swift in Sources */,
				D03482F91AECBE1200022572 /* GameViewController.swift in Sources */,
				D03482F31AECBE1200022572 /* AppDelegate.swift in Sources */,
			);
			runOnlyForDeploymentPostprocessing = 0;
		};
		D03483021AECBE1200022572 /* Sources */ = {
			isa = PBXSourcesBuildPhase;
			buildActionMask = 2147483647;
			files = (
				D034830D1AECBE1200022572 /* ZombieCongaTests.swift in Sources */,
			);
			runOnlyForDeploymentPostprocessing = 0;
		};
/* End PBXSourcesBuildPhase section */

/* Begin PBXTargetDependency section */
		D03483081AECBE1200022572 /* PBXTargetDependency */ = {
			isa = PBXTargetDependency;
			target = D03482EC1AECBE1200022572 /* ZombieConga */;
			targetProxy = D03483071AECBE1200022572 /* PBXContainerItemProxy */;
		};
/* End PBXTargetDependency section */

/* Begin PBXVariantGroup section */
		D03482FA1AECBE1200022572 /* Main.storyboard */ = {
			isa = PBXVariantGroup;
			children = (
				D03482FB1AECBE1200022572 /* Base */,
			);
			name = Main.storyboard;
			sourceTree = "<group>";
		};
		D03482FF1AECBE1200022572 /* LaunchScreen.xib */ = {
			isa = PBXVariantGroup;
			children = (
				D03483001AECBE1200022572 /* Base */,
			);
			name = LaunchScreen.xib;
			sourceTree = "<group>";
		};
/* End PBXVariantGroup section */

/* Begin XCBuildConfiguration section */
		D034830E1AECBE1200022572 /* Debug */ = {
			isa = XCBuildConfiguration;
			buildSettings = {
				ALWAYS_SEARCH_USER_PATHS = NO;
				CLANG_CXX_LANGUAGE_STANDARD = "gnu++0x";
				CLANG_CXX_LIBRARY = "libc++";
				CLANG_ENABLE_MODULES = YES;
				CLANG_ENABLE_OBJC_ARC = YES;
				CLANG_WARN_BOOL_CONVERSION = YES;
				CLANG_WARN_CONSTANT_CONVERSION = YES;
				CLANG_WARN_DIRECT_OBJC_ISA_USAGE = YES_ERROR;
				CLANG_WARN_EMPTY_BODY = YES;
				CLANG_WARN_ENUM_CONVERSION = YES;
				CLANG_WARN_INT_CONVERSION = YES;
				CLANG_WARN_OBJC_ROOT_CLASS = YES_ERROR;
				CLANG_WARN_UNREACHABLE_CODE = YES;
				CLANG_WARN__DUPLICATE_METHOD_MATCH = YES;
				"CODE_SIGN_IDENTITY[sdk=iphoneos*]" = "iPhone Developer";
				COPY_PHASE_STRIP = NO;
				DEBUG_INFORMATION_FORMAT = "dwarf-with-dsym";
				ENABLE_STRICT_OBJC_MSGSEND = YES;
				GCC_C_LANGUAGE_STANDARD = gnu99;
				GCC_DYNAMIC_NO_PIC = NO;
				GCC_NO_COMMON_BLOCKS = YES;
				GCC_OPTIMIZATION_LEVEL = 0;
				GCC_PREPROCESSOR_DEFINITIONS = (
					"DEBUG=1",
					"$(inherited)",
				);
				GCC_SYMBOLS_PRIVATE_EXTERN = NO;
				GCC_WARN_64_TO_32_BIT_CONVERSION = YES;
				GCC_WARN_ABOUT_RETURN_TYPE = YES_ERROR;
				GCC_WARN_UNDECLARED_SELECTOR = YES;
				GCC_WARN_UNINITIALIZED_AUTOS = YES_AGGRESSIVE;
				GCC_WARN_UNUSED_FUNCTION = YES;
				GCC_WARN_UNUSED_VARIABLE = YES;
				IPHONEOS_DEPLOYMENT_TARGET = 8.3;
				MTL_ENABLE_DEBUG_INFO = YES;
				ONLY_ACTIVE_ARCH = YES;
				SDKROOT = iphoneos;
				SWIFT_OPTIMIZATION_LEVEL = "-Onone";
				TARGETED_DEVICE_FAMILY = "1,2";
			};
			name = Debug;
		};
		D034830F1AECBE1200022572 /* Release */ = {
			isa = XCBuildConfiguration;
			buildSettings = {
				ALWAYS_SEARCH_USER_PATHS = NO;
				CLANG_CXX_LANGUAGE_STANDARD = "gnu++0x";
				CLANG_CXX_LIBRARY = "libc++";
				CLANG_ENABLE_MODULES = YES;
				CLANG_ENABLE_OBJC_ARC = YES;
				CLANG_WARN_BOOL_CONVERSION = YES;
				CLANG_WARN_CONSTANT_CONVERSION = YES;
				CLANG_WARN_DIRECT_OBJC_ISA_USAGE = YES_ERROR;
				CLANG_WARN_EMPTY_BODY = YES;
				CLANG_WARN_ENUM_CONVERSION = YES;
				CLANG_WARN_INT_CONVERSION = YES;
				CLANG_WARN_OBJC_ROOT_CLASS = YES_ERROR;
				CLANG_WARN_UNREACHABLE_CODE = YES;
				CLANG_WARN__DUPLICATE_METHOD_MATCH = YES;
				"CODE_SIGN_IDENTITY[sdk=iphoneos*]" = "iPhone Developer";
				COPY_PHASE_STRIP = NO;
				DEBUG_INFORMATION_FORMAT = "dwarf-with-dsym";
				ENABLE_NS_ASSERTIONS = NO;
				ENABLE_STRICT_OBJC_MSGSEND = YES;
				GCC_C_LANGUAGE_STANDARD = gnu99;
				GCC_NO_COMMON_BLOCKS = YES;
				GCC_WARN_64_TO_32_BIT_CONVERSION = YES;
				GCC_WARN_ABOUT_RETURN_TYPE = YES_ERROR;
				GCC_WARN_UNDECLARED_SELECTOR = YES;
				GCC_WARN_UNINITIALIZED_AUTOS = YES_AGGRESSIVE;
				GCC_WARN_UNUSED_FUNCTION = YES;
				GCC_WARN_UNUSED_VARIABLE = YES;
				IPHONEOS_DEPLOYMENT_TARGET = 8.3;
				MTL_ENABLE_DEBUG_INFO = NO;
				SDKROOT = iphoneos;
				TARGETED_DEVICE_FAMILY = "1,2";
				VALIDATE_PRODUCT = YES;
			};
			name = Release;
		};
		D03483111AECBE1200022572 /* Debug */ = {
			isa = XCBuildConfiguration;
			buildSettings = {
				ASSETCATALOG_COMPILER_APPICON_NAME = AppIcon;
				INFOPLIST_FILE = ZombieConga/Info.plist;
				LD_RUNPATH_SEARCH_PATHS = "$(inherited) @executable_path/Frameworks";
				PRODUCT_NAME = "$(TARGET_NAME)";
			};
			name = Debug;
		};
		D03483121AECBE1200022572 /* Release */ = {
			isa = XCBuildConfiguration;
			buildSettings = {
				ASSETCATALOG_COMPILER_APPICON_NAME = AppIcon;
				INFOPLIST_FILE = ZombieConga/Info.plist;
				LD_RUNPATH_SEARCH_PATHS = "$(inherited) @executable_path/Frameworks";
				PRODUCT_NAME = "$(TARGET_NAME)";
			};
			name = Release;
		};
		D03483141AECBE1200022572 /* Debug */ = {
			isa = XCBuildConfiguration;
			buildSettings = {
				BUNDLE_LOADER = "$(TEST_HOST)";
				FRAMEWORK_SEARCH_PATHS = (
					"$(SDKROOT)/Developer/Library/Frameworks",
					"$(inherited)",
				);
				GCC_PREPROCESSOR_DEFINITIONS = (
					"DEBUG=1",
					"$(inherited)",
				);
				INFOPLIST_FILE = ZombieCongaTests/Info.plist;
				LD_RUNPATH_SEARCH_PATHS = "$(inherited) @executable_path/Frameworks @loader_path/Frameworks";
				PRODUCT_NAME = "$(TARGET_NAME)";
				TEST_HOST = "$(BUILT_PRODUCTS_DIR)/ZombieConga.app/ZombieConga";
			};
			name = Debug;
		};
		D03483151AECBE1200022572 /* Release */ = {
			isa = XCBuildConfiguration;
			buildSettings = {
				BUNDLE_LOADER = "$(TEST_HOST)";
				FRAMEWORK_SEARCH_PATHS = (
					"$(SDKROOT)/Developer/Library/Frameworks",
					"$(inherited)",
				);
				INFOPLIST_FILE = ZombieCongaTests/Info.plist;
				LD_RUNPATH_SEARCH_PATHS = "$(inherited) @executable_path/Frameworks @loader_path/Frameworks";
				PRODUCT_NAME = "$(TARGET_NAME)";
				TEST_HOST = "$(BUILT_PRODUCTS_DIR)/ZombieConga.app/ZombieConga";
			};
			name = Release;
		};
/* End XCBuildConfiguration section */

/* Begin XCConfigurationList section */
		D03482E81AECBE1200022572 /* Build configuration list for PBXProject "ZombieConga" */ = {
			isa = XCConfigurationList;
			buildConfigurations = (
				D034830E1AECBE1200022572 /* Debug */,
				D034830F1AECBE1200022572 /* Release */,
			);
			defaultConfigurationIsVisible = 0;
			defaultConfigurationName = Release;
		};
		D03483101AECBE1200022572 /* Build configuration list for PBXNativeTarget "ZombieConga" */ = {
			isa = XCConfigurationList;
			buildConfigurations = (
				D03483111AECBE1200022572 /* Debug */,
				D03483121AECBE1200022572 /* Release */,
			);
			defaultConfigurationIsVisible = 0;
		};
		D03483131AECBE1200022572 /* Build configuration list for PBXNativeTarget "ZombieCongaTests" */ = {
			isa = XCConfigurationList;
			buildConfigurations = (
				D03483141AECBE1200022572 /* Debug */,
				D03483151AECBE1200022572 /* Release */,
			);
			defaultConfigurationIsVisible = 0;
		};
/* End XCConfigurationList section */
	};
	rootObject = D03482E51AECBE1200022572 /* Project object */;
}
